
Microsoft Visual Studio Solution File, Format Version 12.00
# Visual Studio Version 16
VisualStudioVersion = 16.0.32630.194
MinimumVisualStudioVersion = 10.0.40219.1
Project("{FAE04EC0-301F-11D3-BF4B-00C04F79EFBC}") = "55_Enums", "55_Enums\55_Enums.csproj", "{1F59FD3F-9024-4288-AA48-93EFA8E8619F}"
EndProject
Global
	GlobalSection(SolutionConfigurationPlatforms) = preSolution
		Debug|Any CPU = Debug|Any CPU
		Release|Any CPU = Release|Any CPU
	EndGlobalSection
	GlobalSection(ProjectConfigurationPlatforms) = postSolution
		{1F59FD3F-9024-4288-AA48-93EFA8E8619F}.Debug|Any CPU.ActiveCfg = Debug|Any CPU
		{1F59FD3F-9024-4288-AA48-93EFA8E8619F}.Debug|Any CPU.Build.0 = Debug|Any CPU
		{1F59FD3F-9024-4288-AA48-93EFA8E8619F}.Release|Any CPU.ActiveCfg = Release|Any CPU
		{1F59FD3F-9024-4288-AA48-93EFA8E8619F}.Release|Any CPU.Build.0 = Release|Any CPU
	EndGlobalSection
	GlobalSection(SolutionProperties) = preSolution
		HideSolutionNode = FALSE
	EndGlobalSection
	GlobalSection(ExtensibilityGlobals) = postSolution
		SolutionGuid = {7ABC2691-6FA6-49F6-9545-47E2D5D36653}
	EndGlobalSection
EndGlobal
