
Microsoft Visual Studio Solution File, Format Version 12.00
# Visual Studio Version 16
VisualStudioVersion = 16.0.32630.195
MinimumVisualStudioVersion = 10.0.40219.1
Project("{FAE04EC0-301F-11D3-BF4B-00C04F79EFBC}") = "16_TryCatchFinally", "16_TryCatchFinally\16_TryCatchFinally.csproj", "{3A031495-1000-499F-858C-FC179B5C6A4B}"
EndProject
Global
	GlobalSection(SolutionConfigurationPlatforms) = preSolution
		Debug|Any CPU = Debug|Any CPU
		Release|Any CPU = Release|Any CPU
	EndGlobalSection
	GlobalSection(ProjectConfigurationPlatforms) = postSolution
		{3A031495-1000-499F-858C-FC179B5C6A4B}.Debug|Any CPU.ActiveCfg = Debug|Any CPU
		{3A031495-1000-499F-858C-FC179B5C6A4B}.Debug|Any CPU.Build.0 = Debug|Any CPU
		{3A031495-1000-499F-858C-FC179B5C6A4B}.Release|Any CPU.ActiveCfg = Release|Any CPU
		{3A031495-1000-499F-858C-FC179B5C6A4B}.Release|Any CPU.Build.0 = Release|Any CPU
	EndGlobalSection
	GlobalSection(SolutionProperties) = preSolution
		HideSolutionNode = FALSE
	EndGlobalSection
	GlobalSection(ExtensibilityGlobals) = postSolution
		SolutionGuid = {AB5384C0-C2A6-4FCB-827F-6295E6AC9457}
	EndGlobalSection
EndGlobal
