
Microsoft Visual Studio Solution File, Format Version 12.00
# Visual Studio Version 16
VisualStudioVersion = 16.0.32630.194
MinimumVisualStudioVersion = 10.0.40219.1
Project("{FAE04EC0-301F-11D3-BF4B-00C04F79EFBC}") = "26_OOPExample2", "26_OOPExample2\26_OOPExample2.csproj", "{55EFAA1A-FCCF-42D1-A7A8-E53A1526924B}"
EndProject
Global
	GlobalSection(SolutionConfigurationPlatforms) = preSolution
		Debug|Any CPU = Debug|Any CPU
		Release|Any CPU = Release|Any CPU
	EndGlobalSection
	GlobalSection(ProjectConfigurationPlatforms) = postSolution
		{55EFAA1A-FCCF-42D1-A7A8-E53A1526924B}.Debug|Any CPU.ActiveCfg = Debug|Any CPU
		{55EFAA1A-FCCF-42D1-A7A8-E53A1526924B}.Debug|Any CPU.Build.0 = Debug|Any CPU
		{55EFAA1A-FCCF-42D1-A7A8-E53A1526924B}.Release|Any CPU.ActiveCfg = Release|Any CPU
		{55EFAA1A-FCCF-42D1-A7A8-E53A1526924B}.Release|Any CPU.Build.0 = Release|Any CPU
	EndGlobalSection
	GlobalSection(SolutionProperties) = preSolution
		HideSolutionNode = FALSE
	EndGlobalSection
	GlobalSection(ExtensibilityGlobals) = postSolution
		SolutionGuid = {902D1005-D3DA-4588-9D7F-977B0C614EA5}
	EndGlobalSection
EndGlobal
