
Microsoft Visual Studio Solution File, Format Version 12.00
# Visual Studio Version 16
VisualStudioVersion = 16.0.32630.194
MinimumVisualStudioVersion = 10.0.40219.1
Project("{FAE04EC0-301F-11D3-BF4B-00C04F79EFBC}") = "47_InterfaceExample1", "47_InterfaceExample1\47_InterfaceExample1.csproj", "{5ACC3482-6BAF-4A7D-8300-F3B58000E7E8}"
EndProject
Global
	GlobalSection(SolutionConfigurationPlatforms) = preSolution
		Debug|Any CPU = Debug|Any CPU
		Release|Any CPU = Release|Any CPU
	EndGlobalSection
	GlobalSection(ProjectConfigurationPlatforms) = postSolution
		{5ACC3482-6BAF-4A7D-8300-F3B58000E7E8}.Debug|Any CPU.ActiveCfg = Debug|Any CPU
		{5ACC3482-6BAF-4A7D-8300-F3B58000E7E8}.Debug|Any CPU.Build.0 = Debug|Any CPU
		{5ACC3482-6BAF-4A7D-8300-F3B58000E7E8}.Release|Any CPU.ActiveCfg = Release|Any CPU
		{5ACC3482-6BAF-4A7D-8300-F3B58000E7E8}.Release|Any CPU.Build.0 = Release|Any CPU
	EndGlobalSection
	GlobalSection(SolutionProperties) = preSolution
		HideSolutionNode = FALSE
	EndGlobalSection
	GlobalSection(ExtensibilityGlobals) = postSolution
		SolutionGuid = {A365C535-C8F2-40F2-90E1-81FF6C76C85E}
	EndGlobalSection
EndGlobal
