
Microsoft Visual Studio Solution File, Format Version 12.00
# Visual Studio Version 16
VisualStudioVersion = 16.0.33927.289
MinimumVisualStudioVersion = 10.0.40219.1
Project("{FAE04EC0-301F-11D3-BF4B-00C04F79EFBC}") = "05_WorkflowEngineExample", "05_WorkflowEngineExample\05_WorkflowEngineExample.csproj", "{D3DEF581-30C4-4B7B-91F1-24B9143781F4}"
EndProject
Global
	GlobalSection(SolutionConfigurationPlatforms) = preSolution
		Debug|Any CPU = Debug|Any CPU
		Release|Any CPU = Release|Any CPU
	EndGlobalSection
	GlobalSection(ProjectConfigurationPlatforms) = postSolution
		{D3DEF581-30C4-4B7B-91F1-24B9143781F4}.Debug|Any CPU.ActiveCfg = Debug|Any CPU
		{D3DEF581-30C4-4B7B-91F1-24B9143781F4}.Debug|Any CPU.Build.0 = Debug|Any CPU
		{D3DEF581-30C4-4B7B-91F1-24B9143781F4}.Release|Any CPU.ActiveCfg = Release|Any CPU
		{D3DEF581-30C4-4B7B-91F1-24B9143781F4}.Release|Any CPU.Build.0 = Release|Any CPU
	EndGlobalSection
	GlobalSection(SolutionProperties) = preSolution
		HideSolutionNode = FALSE
	EndGlobalSection
	GlobalSection(ExtensibilityGlobals) = postSolution
		SolutionGuid = {BC89670E-82E6-4EBD-BC74-45788898CCBF}
	EndGlobalSection
EndGlobal
