
Microsoft Visual Studio Solution File, Format Version 12.00
# Visual Studio Version 16
VisualStudioVersion = 16.0.32630.194
MinimumVisualStudioVersion = 10.0.40219.1
Project("{FAE04EC0-301F-11D3-BF4B-00C04F79EFBC}") = "35_ParamsKeyword", "35_ParamsKeyword\35_ParamsKeyword.csproj", "{F9E381B4-4F2D-4898-9952-1C4E8B51A6A3}"
EndProject
Global
	GlobalSection(SolutionConfigurationPlatforms) = preSolution
		Debug|Any CPU = Debug|Any CPU
		Release|Any CPU = Release|Any CPU
	EndGlobalSection
	GlobalSection(ProjectConfigurationPlatforms) = postSolution
		{F9E381B4-4F2D-4898-9952-1C4E8B51A6A3}.Debug|Any CPU.ActiveCfg = Debug|Any CPU
		{F9E381B4-4F2D-4898-9952-1C4E8B51A6A3}.Debug|Any CPU.Build.0 = Debug|Any CPU
		{F9E381B4-4F2D-4898-9952-1C4E8B51A6A3}.Release|Any CPU.ActiveCfg = Release|Any CPU
		{F9E381B4-4F2D-4898-9952-1C4E8B51A6A3}.Release|Any CPU.Build.0 = Release|Any CPU
	EndGlobalSection
	GlobalSection(SolutionProperties) = preSolution
		HideSolutionNode = FALSE
	EndGlobalSection
	GlobalSection(ExtensibilityGlobals) = postSolution
		SolutionGuid = {C2F47FC9-3222-4DAF-BB16-7EA4DD57DF9D}
	EndGlobalSection
EndGlobal
