
Microsoft Visual Studio Solution File, Format Version 12.00
# Visual Studio Version 16
VisualStudioVersion = 16.0.32630.194
MinimumVisualStudioVersion = 10.0.40219.1
Project("{FAE04EC0-301F-11D3-BF4B-00C04F79EFBC}") = "59_RegEx", "59_RegEx\59_RegEx.csproj", "{698D2384-AE73-4436-B41F-9C3491F60B0B}"
EndProject
Global
	GlobalSection(SolutionConfigurationPlatforms) = preSolution
		Debug|Any CPU = Debug|Any CPU
		Release|Any CPU = Release|Any CPU
	EndGlobalSection
	GlobalSection(ProjectConfigurationPlatforms) = postSolution
		{698D2384-AE73-4436-B41F-9C3491F60B0B}.Debug|Any CPU.ActiveCfg = Debug|Any CPU
		{698D2384-AE73-4436-B41F-9C3491F60B0B}.Debug|Any CPU.Build.0 = Debug|Any CPU
		{698D2384-AE73-4436-B41F-9C3491F60B0B}.Release|Any CPU.ActiveCfg = Release|Any CPU
		{698D2384-AE73-4436-B41F-9C3491F60B0B}.Release|Any CPU.Build.0 = Release|Any CPU
	EndGlobalSection
	GlobalSection(SolutionProperties) = preSolution
		HideSolutionNode = FALSE
	EndGlobalSection
	GlobalSection(ExtensibilityGlobals) = postSolution
		SolutionGuid = {F0B267F9-EB56-4C1C-B49A-0E638301E51D}
	EndGlobalSection
EndGlobal
