
Microsoft Visual Studio Solution File, Format Version 12.00
# Visual Studio Version 16
VisualStudioVersion = 16.0.32630.194
MinimumVisualStudioVersion = 10.0.40219.1
Project("{FAE04EC0-301F-11D3-BF4B-00C04F79EFBC}") = "28_ForeachSwitchChallenge", "28_ForeachSwitchChallenge\28_ForeachSwitchChallenge.csproj", "{73D3B69D-2F8C-4CFD-9E51-1F4F6D9DF611}"
EndProject
Global
	GlobalSection(SolutionConfigurationPlatforms) = preSolution
		Debug|Any CPU = Debug|Any CPU
		Release|Any CPU = Release|Any CPU
	EndGlobalSection
	GlobalSection(ProjectConfigurationPlatforms) = postSolution
		{73D3B69D-2F8C-4CFD-9E51-1F4F6D9DF611}.Debug|Any CPU.ActiveCfg = Debug|Any CPU
		{73D3B69D-2F8C-4CFD-9E51-1F4F6D9DF611}.Debug|Any CPU.Build.0 = Debug|Any CPU
		{73D3B69D-2F8C-4CFD-9E51-1F4F6D9DF611}.Release|Any CPU.ActiveCfg = Release|Any CPU
		{73D3B69D-2F8C-4CFD-9E51-1F4F6D9DF611}.Release|Any CPU.Build.0 = Release|Any CPU
	EndGlobalSection
	GlobalSection(SolutionProperties) = preSolution
		HideSolutionNode = FALSE
	EndGlobalSection
	GlobalSection(ExtensibilityGlobals) = postSolution
		SolutionGuid = {07F1700C-F880-470B-8D48-E11B1592D012}
	EndGlobalSection
EndGlobal
