
Microsoft Visual Studio Solution File, Format Version 12.00
# Visual Studio Version 16
VisualStudioVersion = 16.0.32630.194
MinimumVisualStudioVersion = 10.0.40219.1
Project("{FAE04EC0-301F-11D3-BF4B-00C04F79EFBC}") = "67_WPF01", "67_WPF01\67_WPF01.csproj", "{4336FC91-DD28-4DC4-9F7F-F54626589C90}"
EndProject
Global
	GlobalSection(SolutionConfigurationPlatforms) = preSolution
		Debug|Any CPU = Debug|Any CPU
		Release|Any CPU = Release|Any CPU
	EndGlobalSection
	GlobalSection(ProjectConfigurationPlatforms) = postSolution
		{4336FC91-DD28-4DC4-9F7F-F54626589C90}.Debug|Any CPU.ActiveCfg = Debug|Any CPU
		{4336FC91-DD28-4DC4-9F7F-F54626589C90}.Debug|Any CPU.Build.0 = Debug|Any CPU
		{4336FC91-DD28-4DC4-9F7F-F54626589C90}.Release|Any CPU.ActiveCfg = Release|Any CPU
		{4336FC91-DD28-4DC4-9F7F-F54626589C90}.Release|Any CPU.Build.0 = Release|Any CPU
	EndGlobalSection
	GlobalSection(SolutionProperties) = preSolution
		HideSolutionNode = FALSE
	EndGlobalSection
	GlobalSection(ExtensibilityGlobals) = postSolution
		SolutionGuid = {B72A335B-B756-42D9-8C82-6D4E54A6B465}
	EndGlobalSection
EndGlobal
