
Microsoft Visual Studio Solution File, Format Version 12.00
# Visual Studio Version 16
VisualStudioVersion = 16.0.33927.289
MinimumVisualStudioVersion = 10.0.40219.1
Project("{FAE04EC0-301F-11D3-BF4B-00C04F79EFBC}") = "01_Stopwatch", "01_Stopwatch\01_Stopwatch.csproj", "{34F4E763-B15E-4D43-A7E0-F1171D4EE649}"
EndProject
Global
	GlobalSection(SolutionConfigurationPlatforms) = preSolution
		Debug|Any CPU = Debug|Any CPU
		Release|Any CPU = Release|Any CPU
	EndGlobalSection
	GlobalSection(ProjectConfigurationPlatforms) = postSolution
		{34F4E763-B15E-4D43-A7E0-F1171D4EE649}.Debug|Any CPU.ActiveCfg = Debug|Any CPU
		{34F4E763-B15E-4D43-A7E0-F1171D4EE649}.Debug|Any CPU.Build.0 = Debug|Any CPU
		{34F4E763-B15E-4D43-A7E0-F1171D4EE649}.Release|Any CPU.ActiveCfg = Release|Any CPU
		{34F4E763-B15E-4D43-A7E0-F1171D4EE649}.Release|Any CPU.Build.0 = Release|Any CPU
	EndGlobalSection
	GlobalSection(SolutionProperties) = preSolution
		HideSolutionNode = FALSE
	EndGlobalSection
	GlobalSection(ExtensibilityGlobals) = postSolution
		SolutionGuid = {16CE49D1-FDB0-4624-92A5-62E69F84CB67}
	EndGlobalSection
EndGlobal
