
Microsoft Visual Studio Solution File, Format Version 12.00
# Visual Studio Version 16
VisualStudioVersion = 16.0.32630.194
MinimumVisualStudioVersion = 10.0.40219.1
Project("{FAE04EC0-301F-11D3-BF4B-00C04F79EFBC}") = "03_HelloWorld", "03_HelloWorld\03_HelloWorld.csproj", "{6C67862B-ABF2-4395-A57B-0004257C8F62}"
EndProject
Global
	GlobalSection(SolutionConfigurationPlatforms) = preSolution
		Debug|Any CPU = Debug|Any CPU
		Release|Any CPU = Release|Any CPU
	EndGlobalSection
	GlobalSection(ProjectConfigurationPlatforms) = postSolution
		{6C67862B-ABF2-4395-A57B-0004257C8F62}.Debug|Any CPU.ActiveCfg = Debug|Any CPU
		{6C67862B-ABF2-4395-A57B-0004257C8F62}.Debug|Any CPU.Build.0 = Debug|Any CPU
		{6C67862B-ABF2-4395-A57B-0004257C8F62}.Release|Any CPU.ActiveCfg = Release|Any CPU
		{6C67862B-ABF2-4395-A57B-0004257C8F62}.Release|Any CPU.Build.0 = Release|Any CPU
	EndGlobalSection
	GlobalSection(SolutionProperties) = preSolution
		HideSolutionNode = FALSE
	EndGlobalSection
	GlobalSection(ExtensibilityGlobals) = postSolution
		SolutionGuid = {166F1726-03AE-4E86-A64E-52A435FB3A77}
	EndGlobalSection
EndGlobal
